
Microsoft Visual Studio Solution File, Format Version 12.00
# Visual Studio Version 17
VisualStudioVersion = 17.5.33424.131
MinimumVisualStudioVersion = 10.0.40219.1
Project("{FAE04EC0-301F-11D3-BF4B-00C04F79EFBC}") = "ASUS BIOS FILTER", "ASUS BIOS FILTER\ASUS BIOS FILTER.csproj", "{0A81073B-406E-4E21-92F5-D8927721E381}"
EndProject
Global
	GlobalSection(SolutionConfigurationPlatforms) = preSolution
		Debug|Any CPU = Debug|Any CPU
		Release|Any CPU = Release|Any CPU
	EndGlobalSection
	GlobalSection(ProjectConfigurationPlatforms) = postSolution
		{0A81073B-406E-4E21-92F5-D8927721E381}.Debug|Any CPU.ActiveCfg = Debug|Any CPU
		{0A81073B-406E-4E21-92F5-D8927721E381}.Debug|Any CPU.Build.0 = Debug|Any CPU
		{0A81073B-406E-4E21-92F5-D8927721E381}.Release|Any CPU.ActiveCfg = Release|Any CPU
		{0A81073B-406E-4E21-92F5-D8927721E381}.Release|Any CPU.Build.0 = Release|Any CPU
	EndGlobalSection
	GlobalSection(SolutionProperties) = preSolution
		HideSolutionNode = FALSE
	EndGlobalSection
	GlobalSection(ExtensibilityGlobals) = postSolution
		SolutionGuid = {ABD90ADA-E152-4EE1-81FA-FC64250A5D65}
	EndGlobalSection
EndGlobal
